
Microsoft Visual Studio Solution File, Format Version 12.00
# Visual Studio Version 16
VisualStudioVersion = 16.0.29102.190
MinimumVisualStudioVersion = 10.0.40219.1
Project("{FAE04EC0-301F-11D3-BF4B-00C04F79EFBC}") = "Teaming", "Teaming\Teaming.csproj", "{AA14D0F1-E9C5-449A-B9AB-B97B00C85947}"
EndProject
Global
	GlobalSection(SolutionConfigurationPlatforms) = preSolution
		Debug|Any CPU = Debug|Any CPU
		Release|Any CPU = Release|Any CPU
	EndGlobalSection
	GlobalSection(ProjectConfigurationPlatforms) = postSolution
		{AA14D0F1-E9C5-449A-B9AB-B97B00C85947}.Debug|Any CPU.ActiveCfg = Debug|Any CPU
		{AA14D0F1-E9C5-449A-B9AB-B97B00C85947}.Debug|Any CPU.Build.0 = Debug|Any CPU
		{AA14D0F1-E9C5-449A-B9AB-B97B00C85947}.Release|Any CPU.ActiveCfg = Release|Any CPU
		{AA14D0F1-E9C5-449A-B9AB-B97B00C85947}.Release|Any CPU.Build.0 = Release|Any CPU
	EndGlobalSection
	GlobalSection(SolutionProperties) = preSolution
		HideSolutionNode = FALSE
	EndGlobalSection
	GlobalSection(ExtensibilityGlobals) = postSolution
		SolutionGuid = {BEEC1FC3-3B95-42C0-80D1-1D472F6DD3A7}
	EndGlobalSection
EndGlobal
