
Microsoft Visual Studio Solution File, Format Version 12.00
# Visual Studio Version 16
VisualStudioVersion = 16.0.30104.148
MinimumVisualStudioVersion = 10.0.40219.1
Project("{FAE04EC0-301F-11D3-BF4B-00C04F79EFBC}") = "ConsoleApp111", "ConsoleApp111.csproj", "{0279579A-58BC-4418-A726-0063F2CFA19B}"
EndProject
Global
	GlobalSection(SolutionConfigurationPlatforms) = preSolution
		Debug|Any CPU = Debug|Any CPU
		Release|Any CPU = Release|Any CPU
	EndGlobalSection
	GlobalSection(ProjectConfigurationPlatforms) = postSolution
		{0279579A-58BC-4418-A726-0063F2CFA19B}.Debug|Any CPU.ActiveCfg = Debug|Any CPU
		{0279579A-58BC-4418-A726-0063F2CFA19B}.Debug|Any CPU.Build.0 = Debug|Any CPU
		{0279579A-58BC-4418-A726-0063F2CFA19B}.Release|Any CPU.ActiveCfg = Release|Any CPU
		{0279579A-58BC-4418-A726-0063F2CFA19B}.Release|Any CPU.Build.0 = Release|Any CPU
	EndGlobalSection
	GlobalSection(SolutionProperties) = preSolution
		HideSolutionNode = FALSE
	EndGlobalSection
	GlobalSection(ExtensibilityGlobals) = postSolution
		SolutionGuid = {D326F0AA-5D6F-4D97-862E-E4AC50D4DA15}
	EndGlobalSection
EndGlobal
